// !$*UTF8*$!
{
	archiveVersion = 1;
	classes = {
	};
	objectVersion = 50;
	objects = {

/* Begin PBXBuildFile section */
		829A814824916996001E7EA3 /* AppDelegate.swift in Sources */ = {isa = PBXBuildFile; fileRef = 829A814724916996001E7EA3 /* AppDelegate.swift */; };
		829A814A24916996001E7EA3 /* SceneDelegate.swift in Sources */ = {isa = PBXBuildFile; fileRef = 829A814924916996001E7EA3 /* SceneDelegate.swift */; };
		829A814C24916996001E7EA3 /* ViewController.swift in Sources */ = {isa = PBXBuildFile; fileRef = 829A814B24916996001E7EA3 /* ViewController.swift */; };
		829A814F24916996001E7EA3 /* Main.storyboard in Resources */ = {isa = PBXBuildFile; fileRef = 829A814D24916996001E7EA3 /* Main.storyboard */; };
		829A815124916998001E7EA3 /* Assets.xcassets in Resources */ = {isa = PBXBuildFile; fileRef = 829A815024916998001E7EA3 /* Assets.xcassets */; };
		829A815424916998001E7EA3 /* LaunchScreen.storyboard in Resources */ = {isa = PBXBuildFile; fileRef = 829A815224916998001E7EA3 /* LaunchScreen.storyboard */; };
		829A815E249169B6001E7EA3 /* anti_debug.c in Sources */ = {isa = PBXBuildFile; fileRef = 829A815D249169B6001E7EA3 /* anti_debug.c */; };
		829A816024916F98001E7EA3 /* main.swift in Sources */ = {isa = PBXBuildFile; fileRef = 829A815F24916F98001E7EA3 /* main.swift */; };
/* End PBXBuildFile section */

/* Begin PBXFileReference section */
		829A814424916996001E7EA3 /* AntiDebugging.app */ = {isa = PBXFileReference; explicitFileType = wrapper.application; includeInIndex = 0; path = AntiDebugging.app; sourceTree = BUILT_PRODUCTS_DIR; };
		829A814724916996001E7EA3 /* AppDelegate.swift */ = {isa = PBXFileReference; lastKnownFileType = sourcecode.swift; path = AppDelegate.swift; sourceTree = "<group>"; };
		829A814924916996001E7EA3 /* SceneDelegate.swift */ = {isa = PBXFileReference; lastKnownFileType = sourcecode.swift; path = SceneDelegate.swift; sourceTree = "<group>"; };
		829A814B24916996001E7EA3 /* ViewController.swift */ = {isa = PBXFileReference; lastKnownFileType = sourcecode.swift; path = ViewController.swift; sourceTree = "<group>"; };
		829A814E24916996001E7EA3 /* Base */ = {isa = PBXFileReference; lastKnownFileType = file.storyboard; name = Base; path = Base.lproj/Main.storyboard; sourceTree = "<group>"; };
		829A815024916998001E7EA3 /* Assets.xcassets */ = {isa = PBXFileReference; lastKnownFileType = folder.assetcatalog; path = Assets.xcassets; sourceTree = "<group>"; };
		829A815324916998001E7EA3 /* Base */ = {isa = PBXFileReference; lastKnownFileType = file.storyboard; name = Base; path = Base.lproj/LaunchScreen.storyboard; sourceTree = "<group>"; };
		829A815524916998001E7EA3 /* Info.plist */ = {isa = PBXFileReference; lastKnownFileType = text.plist.xml; path = Info.plist; sourceTree = "<group>"; };
		829A815B249169B6001E7EA3 /* AntiDebugging-Bridging-Header.h */ = {isa = PBXFileReference; lastKnownFileType = sourcecode.c.h; path = "AntiDebugging-Bridging-Header.h"; sourceTree = "<group>"; };
		829A815C249169B6001E7EA3 /* anti_debug.h */ = {isa = PBXFileReference; lastKnownFileType = sourcecode.c.h; path = anti_debug.h; sourceTree = "<group>"; };
		829A815D249169B6001E7EA3 /* anti_debug.c */ = {isa = PBXFileReference; lastKnownFileType = sourcecode.c.c; path = anti_debug.c; sourceTree = "<group>"; };
		829A815F24916F98001E7EA3 /* main.swift */ = {isa = PBXFileReference; lastKnownFileType = sourcecode.swift; path = main.swift; sourceTree = "<group>"; };
/* End PBXFileReference section */

/* Begin PBXFrameworksBuildPhase section */
		829A814124916996001E7EA3 /* Frameworks */ = {
			isa = PBXFrameworksBuildPhase;
			buildActionMask = 2147483647;
			files = (
			);
			runOnlyForDeploymentPostprocessing = 0;
		};
/* End PBXFrameworksBuildPhase section */

/* Begin PBXGroup section */
		829A813B24916996001E7EA3 = {
			isa = PBXGroup;
			children = (
				829A815F24916F98001E7EA3 /* main.swift */,
				829A815C249169B6001E7EA3 /* anti_debug.h */,
				829A815D249169B6001E7EA3 /* anti_debug.c */,
				829A815B249169B6001E7EA3 /* AntiDebugging-Bridging-Header.h */,
				829A814624916996001E7EA3 /* AntiDebugging */,
				829A814524916996001E7EA3 /* Products */,
			);
			sourceTree = "<group>";
		};
		829A814524916996001E7EA3 /* Products */ = {
			isa = PBXGroup;
			children = (
				829A814424916996001E7EA3 /* AntiDebugging.app */,
			);
			name = Products;
			sourceTree = "<group>";
		};
		829A814624916996001E7EA3 /* AntiDebugging */ = {
			isa = PBXGroup;
			children = (
				829A814724916996001E7EA3 /* AppDelegate.swift */,
				829A814924916996001E7EA3 /* SceneDelegate.swift */,
				829A814B24916996001E7EA3 /* ViewController.swift */,
				829A814D24916996001E7EA3 /* Main.storyboard */,
				829A815024916998001E7EA3 /* Assets.xcassets */,
				829A815224916998001E7EA3 /* LaunchScreen.storyboard */,
				829A815524916998001E7EA3 /* Info.plist */,
			);
			path = AntiDebugging;
			sourceTree = "<group>";
		};
/* End PBXGroup section */

/* Begin PBXNativeTarget section */
		829A814324916996001E7EA3 /* AntiDebugging */ = {
			isa = PBXNativeTarget;
			buildConfigurationList = 829A815824916998001E7EA3 /* Build configuration list for PBXNativeTarget "AntiDebugging" */;
			buildPhases = (
				829A814024916996001E7EA3 /* Sources */,
				829A814124916996001E7EA3 /* Frameworks */,
				829A814224916996001E7EA3 /* Resources */,
			);
			buildRules = (
			);
			dependencies = (
			);
			name = AntiDebugging;
			productName = AntiDebugging;
			productReference = 829A814424916996001E7EA3 /* AntiDebugging.app */;
			productType = "com.apple.product-type.application";
		};
/* End PBXNativeTarget section */

/* Begin PBXProject section */
		829A813C24916996001E7EA3 /* Project object */ = {
			isa = PBXProject;
			attributes = {
				LastSwiftUpdateCheck = 1140;
				LastUpgradeCheck = 1140;
				ORGANIZATIONNAME = "Vadim Drobinin";
				TargetAttributes = {
					829A814324916996001E7EA3 = {
						CreatedOnToolsVersion = 11.4.1;
						LastSwiftMigration = 1140;
					};
				};
			};
			buildConfigurationList = 829A813F24916996001E7EA3 /* Build configuration list for PBXProject "AntiDebugging" */;
			compatibilityVersion = "Xcode 9.3";
			developmentRegion = en;
			hasScannedForEncodings = 0;
			knownRegions = (
				en,
				Base,
			);
			mainGroup = 829A813B24916996001E7EA3;
			productRefGroup = 829A814524916996001E7EA3 /* Products */;
			projectDirPath = "";
			projectRoot = "";
			targets = (
				829A814324916996001E7EA3 /* AntiDebugging */,
			);
		};
/* End PBXProject section */

/* Begin PBXResourcesBuildPhase section */
		829A814224916996001E7EA3 /* Resources */ = {
			isa = PBXResourcesBuildPhase;
			buildActionMask = 2147483647;
			files = (
				829A815424916998001E7EA3 /* LaunchScreen.storyboard in Resources */,
				829A815124916998001E7EA3 /* Assets.xcassets in Resources */,
				829A814F24916996001E7EA3 /* Main.storyboard in Resources */,
			);
			runOnlyForDeploymentPostprocessing = 0;
		};
/* End PBXResourcesBuildPhase section */

/* Begin PBXSourcesBuildPhase section */
		829A814024916996001E7EA3 /* Sources */ = {
			isa = PBXSourcesBuildPhase;
			buildActionMask = 2147483647;
			files = (
				829A814C24916996001E7EA3 /* ViewController.swift in Sources */,
				829A816024916F98001E7EA3 /* main.swift in Sources */,
				829A814824916996001E7EA3 /* AppDelegate.swift in Sources */,
				829A814A24916996001E7EA3 /* SceneDelegate.swift in Sources */,
				829A815E249169B6001E7EA3 /* anti_debug.c in Sources */,
			);
			runOnlyForDeploymentPostprocessing = 0;
		};
/* End PBXSourcesBuildPhase section */

/* Begin PBXVariantGroup section */
		829A814D24916996001E7EA3 /* Main.storyboard */ = {
			isa = PBXVariantGroup;
			children = (
				829A814E24916996001E7EA3 /* Base */,
			);
			name = Main.storyboard;
			sourceTree = "<group>";
		};
		829A815224916998001E7EA3 /* LaunchScreen.storyboard */ = {
			isa = PBXVariantGroup;
			children = (
				829A815324916998001E7EA3 /* Base */,
			);
			name = LaunchScreen.storyboard;
			sourceTree = "<group>";
		};
/* End PBXVariantGroup section */

/* Begin XCBuildConfiguration section */
		829A815624916998001E7EA3 /* Debug */ = {
			isa = XCBuildConfiguration;
			buildSettings = {
				ALWAYS_SEARCH_USER_PATHS = NO;
				CLANG_ANALYZER_NONNULL = YES;
				CLANG_ANALYZER_NUMBER_OBJECT_CONVERSION = YES_AGGRESSIVE;
				CLANG_CXX_LANGUAGE_STANDARD = "gnu++14";
				CLANG_CXX_LIBRARY = "libc++";
				CLANG_ENABLE_MODULES = YES;
				CLANG_ENABLE_OBJC_ARC = YES;
				CLANG_ENABLE_OBJC_WEAK = YES;
				CLANG_WARN_BLOCK_CAPTURE_AUTORELEASING = YES;
				CLANG_WARN_BOOL_CONVERSION = YES;
				CLANG_WARN_COMMA = YES;
				CLANG_WARN_CONSTANT_CONVERSION = YES;
				CLANG_WARN_DEPRECATED_OBJC_IMPLEMENTATIONS = YES;
				CLANG_WARN_DIRECT_OBJC_ISA_USAGE = YES_ERROR;
				CLANG_WARN_DOCUMENTATION_COMMENTS = YES;
				CLANG_WARN_EMPTY_BODY = YES;
				CLANG_WARN_ENUM_CONVERSION = YES;
				CLANG_WARN_INFINITE_RECURSION = YES;
				CLANG_WARN_INT_CONVERSION = YES;
				CLANG_WARN_NON_LITERAL_NULL_CONVERSION = YES;
				CLANG_WARN_OBJC_IMPLICIT_RETAIN_SELF = YES;
				CLANG_WARN_OBJC_LITERAL_CONVERSION = YES;
				CLANG_WARN_OBJC_ROOT_CLASS = YES_ERROR;
				CLANG_WARN_RANGE_LOOP_ANALYSIS = YES;
				CLANG_WARN_STRICT_PROTOTYPES = YES;
				CLANG_WARN_SUSPICIOUS_MOVE = YES;
				CLANG_WARN_UNGUARDED_AVAILABILITY = YES_AGGRESSIVE;
				CLANG_WARN_UNREACHABLE_CODE = YES;
				CLANG_WARN__DUPLICATE_METHOD_MATCH = YES;
				COPY_PHASE_STRIP = NO;
				DEBUG_INFORMATION_FORMAT = dwarf;
				ENABLE_STRICT_OBJC_MSGSEND = YES;
				ENABLE_TESTABILITY = YES;
				GCC_C_LANGUAGE_STANDARD = gnu11;
				GCC_DYNAMIC_NO_PIC = NO;
				GCC_NO_COMMON_BLOCKS = YES;
				GCC_OPTIMIZATION_LEVEL = 0;
				GCC_PREPROCESSOR_DEFINITIONS = (
					"DEBUG=1",
					"$(inherited)",
				);
				GCC_WARN_64_TO_32_BIT_CONVERSION = YES;
				GCC_WARN_ABOUT_RETURN_TYPE = YES_ERROR;
				GCC_WARN_UNDECLARED_SELECTOR = YES;
				GCC_WARN_UNINITIALIZED_AUTOS = YES_AGGRESSIVE;
				GCC_WARN_UNUSED_FUNCTION = YES;
				GCC_WARN_UNUSED_VARIABLE = YES;
				IPHONEOS_DEPLOYMENT_TARGET = 13.4;
				MTL_ENABLE_DEBUG_INFO = INCLUDE_SOURCE;
				MTL_FAST_MATH = YES;
				ONLY_ACTIVE_ARCH = YES;
				SDKROOT = iphoneos;
				SWIFT_ACTIVE_COMPILATION_CONDITIONS = DEBUG;
				SWIFT_OPTIMIZATION_LEVEL = "-Onone";
			};
			name = Debug;
		};
		829A815724916998001E7EA3 /* Release */ = {
			isa = XCBuildConfiguration;
			buildSettings = {
				ALWAYS_SEARCH_USER_PATHS = NO;
				CLANG_ANALYZER_NONNULL = YES;
				CLANG_ANALYZER_NUMBER_OBJECT_CONVERSION = YES_AGGRESSIVE;
				CLANG_CXX_LANGUAGE_STANDARD = "gnu++14";
				CLANG_CXX_LIBRARY = "libc++";
				CLANG_ENABLE_MODULES = YES;
				CLANG_ENABLE_OBJC_ARC = YES;
				CLANG_ENABLE_OBJC_WEAK = YES;
				CLANG_WARN_BLOCK_CAPTURE_AUTORELEASING = YES;
				CLANG_WARN_BOOL_CONVERSION = YES;
				CLANG_WARN_COMMA = YES;
				CLANG_WARN_CONSTANT_CONVERSION = YES;
				CLANG_WARN_DEPRECATED_OBJC_IMPLEMENTATIONS = YES;
				CLANG_WARN_DIRECT_OBJC_ISA_USAGE = YES_ERROR;
				CLANG_WARN_DOCUMENTATION_COMMENTS = YES;
				CLANG_WARN_EMPTY_BODY = YES;
				CLANG_WARN_ENUM_CONVERSION = YES;
				CLANG_WARN_INFINITE_RECURSION = YES;
				CLANG_WARN_INT_CONVERSION = YES;
				CLANG_WARN_NON_LITERAL_NULL_CONVERSION = YES;
				CLANG_WARN_OBJC_IMPLICIT_RETAIN_SELF = YES;
				CLANG_WARN_OBJC_LITERAL_CONVERSION = YES;
				CLANG_WARN_OBJC_ROOT_CLASS = YES_ERROR;
				CLANG_WARN_RANGE_LOOP_ANALYSIS = YES;
				CLANG_WARN_STRICT_PROTOTYPES = YES;
				CLANG_WARN_SUSPICIOUS_MOVE = YES;
				CLANG_WARN_UNGUARDED_AVAILABILITY = YES_AGGRESSIVE;
				CLANG_WARN_UNREACHABLE_CODE = YES;
				CLANG_WARN__DUPLICATE_METHOD_MATCH = YES;
				COPY_PHASE_STRIP = NO;
				DEBUG_INFORMATION_FORMAT = "dwarf-with-dsym";
				ENABLE_NS_ASSERTIONS = NO;
				ENABLE_STRICT_OBJC_MSGSEND = YES;
				GCC_C_LANGUAGE_STANDARD = gnu11;
				GCC_NO_COMMON_BLOCKS = YES;
				GCC_WARN_64_TO_32_BIT_CONVERSION = YES;
				GCC_WARN_ABOUT_RETURN_TYPE = YES_ERROR;
				GCC_WARN_UNDECLARED_SELECTOR = YES;
				GCC_WARN_UNINITIALIZED_AUTOS = YES_AGGRESSIVE;
				GCC_WARN_UNUSED_FUNCTION = YES;
				GCC_WARN_UNUSED_VARIABLE = YES;
				IPHONEOS_DEPLOYMENT_TARGET = 13.4;
				MTL_ENABLE_DEBUG_INFO = NO;
				MTL_FAST_MATH = YES;
				SDKROOT = iphoneos;
				SWIFT_COMPILATION_MODE = wholemodule;
				SWIFT_OPTIMIZATION_LEVEL = "-O";
				VALIDATE_PRODUCT = YES;
			};
			name = Release;
		};
		829A815924916998001E7EA3 /* Debug */ = {
			isa = XCBuildConfiguration;
			buildSettings = {
				ASSETCATALOG_COMPILER_APPICON_NAME = AppIcon;
				CLANG_ENABLE_MODULES = YES;
				CODE_SIGN_STYLE = Automatic;
				DEVELOPMENT_TEAM = X72G5VQBS8;
				INFOPLIST_FILE = AntiDebugging/Info.plist;
				LD_RUNPATH_SEARCH_PATHS = (
					"$(inherited)",
					"@executable_path/Frameworks",
				);
				OTHER_CFLAGS = "";
				PRODUCT_BUNDLE_IDENTIFIER = com.drobinin.AntiDebugging;
				PRODUCT_NAME = "$(TARGET_NAME)";
				SWIFT_OBJC_BRIDGING_HEADER = "AntiDebugging-Bridging-Header.h";
				SWIFT_OPTIMIZATION_LEVEL = "-Onone";
				SWIFT_VERSION = 5.0;
				TARGETED_DEVICE_FAMILY = "1,2";
			};
			name = Debug;
		};
		829A815A24916998001E7EA3 /* Release */ = {
			isa = XCBuildConfiguration;
			buildSettings = {
				ASSETCATALOG_COMPILER_APPICON_NAME = AppIcon;
				CLANG_ENABLE_MODULES = YES;
				CODE_SIGN_STYLE = Automatic;
				DEVELOPMENT_TEAM = X72G5VQBS8;
				INFOPLIST_FILE = AntiDebugging/Info.plist;
				LD_RUNPATH_SEARCH_PATHS = (
					"$(inherited)",
					"@executable_path/Frameworks",
				);
				OTHER_CFLAGS = "";
				PRODUCT_BUNDLE_IDENTIFIER = com.drobinin.AntiDebugging;
				PRODUCT_NAME = "$(TARGET_NAME)";
				SWIFT_OBJC_BRIDGING_HEADER = "AntiDebugging-Bridging-Header.h";
				SWIFT_VERSION = 5.0;
				TARGETED_DEVICE_FAMILY = "1,2";
			};
			name = Release;
		};
/* End XCBuildConfiguration section */

/* Begin XCConfigurationList section */
		829A813F24916996001E7EA3 /* Build configuration list for PBXProject "AntiDebugging" */ = {
			isa = XCConfigurationList;
			buildConfigurations = (
				829A815624916998001E7EA3 /* Debug */,
				829A815724916998001E7EA3 /* Release */,
			);
			defaultConfigurationIsVisible = 0;
			defaultConfigurationName = Release;
		};
		829A815824916998001E7EA3 /* Build configuration list for PBXNativeTarget "AntiDebugging" */ = {
			isa = XCConfigurationList;
			buildConfigurations = (
				829A815924916998001E7EA3 /* Debug */,
				829A815A24916998001E7EA3 /* Release */,
			);
			defaultConfigurationIsVisible = 0;
			defaultConfigurationName = Release;
		};
/* End XCConfigurationList section */
	};
	rootObject = 829A813C24916996001E7EA3 /* Project object */;
}
